
Microsoft Visual Studio Solution File, Format Version 12.00
# Visual Studio 2012
Project("{FAE04EC0-301F-11D3-BF4B-00C04F79EFBC}") = "CRManager", "CRManager\CRManager.csproj", "{64E016A1-05FB-4AE9-9466-AC881A30674A}"
EndProject
Global
	GlobalSection(SolutionConfigurationPlatforms) = preSolution
		Debug|Any CPU = Debug|Any CPU
		Release|Any CPU = Release|Any CPU
	EndGlobalSection
	GlobalSection(ProjectConfigurationPlatforms) = postSolution
		{64E016A1-05FB-4AE9-9466-AC881A30674A}.Debug|Any CPU.ActiveCfg = Debug|Any CPU
		{64E016A1-05FB-4AE9-9466-AC881A30674A}.Debug|Any CPU.Build.0 = Debug|Any CPU
		{64E016A1-05FB-4AE9-9466-AC881A30674A}.Release|Any CPU.ActiveCfg = Release|Any CPU
		{64E016A1-05FB-4AE9-9466-AC881A30674A}.Release|Any CPU.Build.0 = Release|Any CPU
	EndGlobalSection
	GlobalSection(SolutionProperties) = preSolution
		HideSolutionNode = FALSE
	EndGlobalSection
EndGlobal
